
Microsoft Visual Studio Solution File, Format Version 12.00
# Visual Studio Version 16
VisualStudioVersion = 16.0.32407.337
MinimumVisualStudioVersion = 10.0.40219.1
Project("{FAE04EC0-301F-11D3-BF4B-00C04F79EFBC}") = "Lambda expressions", "Lambda expressions.csproj", "{CDA48627-B984-4835-86AE-369234C2A1A0}"
EndProject
Global
	GlobalSection(SolutionConfigurationPlatforms) = preSolution
		Debug|Any CPU = Debug|Any CPU
		Release|Any CPU = Release|Any CPU
	EndGlobalSection
	GlobalSection(ProjectConfigurationPlatforms) = postSolution
		{CDA48627-B984-4835-86AE-369234C2A1A0}.Debug|Any CPU.ActiveCfg = Debug|Any CPU
		{CDA48627-B984-4835-86AE-369234C2A1A0}.Debug|Any CPU.Build.0 = Debug|Any CPU
		{CDA48627-B984-4835-86AE-369234C2A1A0}.Release|Any CPU.ActiveCfg = Release|Any CPU
		{CDA48627-B984-4835-86AE-369234C2A1A0}.Release|Any CPU.Build.0 = Release|Any CPU
	EndGlobalSection
	GlobalSection(SolutionProperties) = preSolution
		HideSolutionNode = FALSE
	EndGlobalSection
	GlobalSection(ExtensibilityGlobals) = postSolution
		SolutionGuid = {A795C2FA-61F7-4E2F-A028-5AAB7827A2C6}
	EndGlobalSection
EndGlobal
